{
  "name": "miniprogram-ts-less-quickstart",
  "version": "1.0.0",
  "lockfileVersion": 3,
  "requires": true,
  "packages": {
    "": {
      "name": "miniprogram-ts-less-quickstart",
      "version": "1.0.0",
      "dependencies": {
        "@miniprogram-remote-devtools/common": "file:../packages/common",
        "@miniprogram-remote-devtools/wechat-remote-sdk": "file:../packages/wechat-remote-sdk"
      },
      "devDependencies": {
        "miniprogram-api-typings": "^2.8.3-1"
      }
    },
    "../packages/common": {
      "name": "@miniprogram-remote-devtools/common",
      "version": "1.0.0",
      "license": "ISC"
    },
    "../packages/wechat-remote-sdk": {
      "name": "@miniprogram-remote-devtools/wechat-remote-sdk",
      "version": "1.0.0",
      "license": "ISC",
      "dependencies": {
        "@miniprogram-remote-devtools/common": "workspace:^1.0.0"
      }
    },
    "../packages/wechat-remote-sdk/node_modules/@miniprogram-remote-devtools/common": {
      "resolved": "../packages/common",
      "link": true
    },
    "node_modules/@miniprogram-remote-devtools/common": {
      "resolved": "../packages/common",
      "link": true
    },
    "node_modules/@miniprogram-remote-devtools/wechat-remote-sdk": {
      "resolved": "../packages/wechat-remote-sdk",
      "link": true
    },
    "node_modules/miniprogram-api-typings": {
      "version": "2.12.0",
      "dev": true,
      "license": "MIT"
    }
  }
}
